// !$*UTF8*$!
{
	archiveVersion = 1;
	classes = {
	};
	objectVersion = 55;
	objects = {

/* Begin PBXBuildFile section */
		041A970429009CA1003DC098 /* SceneDelegate.swift in Sources */ = {isa = PBXBuildFile; fileRef = 041A970329009CA1003DC098 /* SceneDelegate.swift */; };
		041A97062900ACBB003DC098 /* ButtomView.swift in Sources */ = {isa = PBXBuildFile; fileRef = 041A97052900ACBB003DC098 /* ButtomView.swift */; };
		044F238D28FF8B5600749FEA /* AppDelegate.swift in Sources */ = {isa = PBXBuildFile; fileRef = 044F238C28FF8B5600749FEA /* AppDelegate.swift */; };
		044F239128FF8B5600749FEA /* ContainerViewController.swift in Sources */ = {isa = PBXBuildFile; fileRef = 044F239028FF8B5600749FEA /* ContainerViewController.swift */; };
		044F239628FF8B5800749FEA /* Assets.xcassets in Resources */ = {isa = PBXBuildFile; fileRef = 044F239528FF8B5800749FEA /* Assets.xcassets */; };
		044F239928FF8B5800749FEA /* LaunchScreen.storyboard in Resources */ = {isa = PBXBuildFile; fileRef = 044F239728FF8B5800749FEA /* LaunchScreen.storyboard */; };
		045573812901EAB300B87A79 /* BarBButtonView.swift in Sources */ = {isa = PBXBuildFile; fileRef = 045573802901EAB300B87A79 /* BarBButtonView.swift */; };
		045573842901EBC500B87A79 /* TopOptionsViewCell.swift in Sources */ = {isa = PBXBuildFile; fileRef = 045573832901EBC500B87A79 /* TopOptionsViewCell.swift */; };
		0455738629023A8600B87A79 /* CardView.swift in Sources */ = {isa = PBXBuildFile; fileRef = 0455738529023A8600B87A79 /* CardView.swift */; };
		0455738929023ACA00B87A79 /* ItemsCollectionViewCell.swift in Sources */ = {isa = PBXBuildFile; fileRef = 0455738829023ACA00B87A79 /* ItemsCollectionViewCell.swift */; };
		0455738B29023AF000B87A79 /* TransactionViewCell.swift in Sources */ = {isa = PBXBuildFile; fileRef = 0455738A29023AF000B87A79 /* TransactionViewCell.swift */; };
		04679DCF2900BDFA00EE8C90 /* Colors.swift in Sources */ = {isa = PBXBuildFile; fileRef = 04679DCE2900BDFA00EE8C90 /* Colors.swift */; };
		04679DD12900C16400EE8C90 /* EarnViewController.swift in Sources */ = {isa = PBXBuildFile; fileRef = 04679DD02900C16400EE8C90 /* EarnViewController.swift */; };
		04679DD32900C17600EE8C90 /* InvestViewController.swift in Sources */ = {isa = PBXBuildFile; fileRef = 04679DD22900C17600EE8C90 /* InvestViewController.swift */; };
		04679DD52900C18500EE8C90 /* CardViewController.swift in Sources */ = {isa = PBXBuildFile; fileRef = 04679DD42900C18500EE8C90 /* CardViewController.swift */; };
		04E85639290097B9004C5D35 /* HomeViewController.swift in Sources */ = {isa = PBXBuildFile; fileRef = 04E85638290097B9004C5D35 /* HomeViewController.swift */; };
/* End PBXBuildFile section */

/* Begin PBXFileReference section */
		041A970329009CA1003DC098 /* SceneDelegate.swift */ = {isa = PBXFileReference; fileEncoding = 4; lastKnownFileType = sourcecode.swift; path = SceneDelegate.swift; sourceTree = "<group>"; };
		041A97052900ACBB003DC098 /* ButtomView.swift */ = {isa = PBXFileReference; lastKnownFileType = sourcecode.swift; path = ButtomView.swift; sourceTree = "<group>"; };
		044F238928FF8B5600749FEA /* ChipperHome.app */ = {isa = PBXFileReference; explicitFileType = wrapper.application; includeInIndex = 0; path = ChipperHome.app; sourceTree = BUILT_PRODUCTS_DIR; };
		044F238C28FF8B5600749FEA /* AppDelegate.swift */ = {isa = PBXFileReference; lastKnownFileType = sourcecode.swift; path = AppDelegate.swift; sourceTree = "<group>"; };
		044F239028FF8B5600749FEA /* ContainerViewController.swift */ = {isa = PBXFileReference; lastKnownFileType = sourcecode.swift; path = ContainerViewController.swift; sourceTree = "<group>"; };
		044F239528FF8B5800749FEA /* Assets.xcassets */ = {isa = PBXFileReference; lastKnownFileType = folder.assetcatalog; path = Assets.xcassets; sourceTree = "<group>"; };
		044F239828FF8B5800749FEA /* Base */ = {isa = PBXFileReference; lastKnownFileType = file.storyboard; name = Base; path = Base.lproj/LaunchScreen.storyboard; sourceTree = "<group>"; };
		044F239A28FF8B5800749FEA /* Info.plist */ = {isa = PBXFileReference; lastKnownFileType = text.plist.xml; path = Info.plist; sourceTree = "<group>"; };
		045573802901EAB300B87A79 /* BarBButtonView.swift */ = {isa = PBXFileReference; lastKnownFileType = sourcecode.swift; path = BarBButtonView.swift; sourceTree = "<group>"; };
		045573832901EBC500B87A79 /* TopOptionsViewCell.swift */ = {isa = PBXFileReference; lastKnownFileType = sourcecode.swift; path = TopOptionsViewCell.swift; sourceTree = "<group>"; };
		0455738529023A8600B87A79 /* CardView.swift */ = {isa = PBXFileReference; lastKnownFileType = sourcecode.swift; path = CardView.swift; sourceTree = "<group>"; };
		0455738829023ACA00B87A79 /* ItemsCollectionViewCell.swift */ = {isa = PBXFileReference; lastKnownFileType = sourcecode.swift; path = ItemsCollectionViewCell.swift; sourceTree = "<group>"; };
		0455738A29023AF000B87A79 /* TransactionViewCell.swift */ = {isa = PBXFileReference; lastKnownFileType = sourcecode.swift; path = TransactionViewCell.swift; sourceTree = "<group>"; };
		04679DCE2900BDFA00EE8C90 /* Colors.swift */ = {isa = PBXFileReference; lastKnownFileType = sourcecode.swift; path = Colors.swift; sourceTree = "<group>"; };
		04679DD02900C16400EE8C90 /* EarnViewController.swift */ = {isa = PBXFileReference; lastKnownFileType = sourcecode.swift; path = EarnViewController.swift; sourceTree = "<group>"; };
		04679DD22900C17600EE8C90 /* InvestViewController.swift */ = {isa = PBXFileReference; lastKnownFileType = sourcecode.swift; path = InvestViewController.swift; sourceTree = "<group>"; };
		04679DD42900C18500EE8C90 /* CardViewController.swift */ = {isa = PBXFileReference; lastKnownFileType = sourcecode.swift; path = CardViewController.swift; sourceTree = "<group>"; };
		04E85638290097B9004C5D35 /* HomeViewController.swift */ = {isa = PBXFileReference; lastKnownFileType = sourcecode.swift; path = HomeViewController.swift; sourceTree = "<group>"; };
/* End PBXFileReference section */

/* Begin PBXFrameworksBuildPhase section */
		044F238628FF8B5600749FEA /* Frameworks */ = {
			isa = PBXFrameworksBuildPhase;
			buildActionMask = 2147483647;
			files = (
			);
			runOnlyForDeploymentPostprocessing = 0;
		};
/* End PBXFrameworksBuildPhase section */

/* Begin PBXGroup section */
		044F238028FF8B5600749FEA = {
			isa = PBXGroup;
			children = (
				044F238B28FF8B5600749FEA /* ChipperHome */,
				044F238A28FF8B5600749FEA /* Products */,
			);
			sourceTree = "<group>";
		};
		044F238A28FF8B5600749FEA /* Products */ = {
			isa = PBXGroup;
			children = (
				044F238928FF8B5600749FEA /* ChipperHome.app */,
			);
			name = Products;
			sourceTree = "<group>";
		};
		044F238B28FF8B5600749FEA /* ChipperHome */ = {
			isa = PBXGroup;
			children = (
				0455738729023AB000B87A79 /* Cells */,
				045573822901EB2F00B87A79 /* Controllers */,
				0455737F2901EA4A00B87A79 /* CustomViews */,
				04679DCD2900BDCB00EE8C90 /* UIKit+Extensions */,
				041A970329009CA1003DC098 /* SceneDelegate.swift */,
				044F238C28FF8B5600749FEA /* AppDelegate.swift */,
				044F239028FF8B5600749FEA /* ContainerViewController.swift */,
				044F239528FF8B5800749FEA /* Assets.xcassets */,
				044F239728FF8B5800749FEA /* LaunchScreen.storyboard */,
				044F239A28FF8B5800749FEA /* Info.plist */,
			);
			path = ChipperHome;
			sourceTree = "<group>";
		};
		0455737F2901EA4A00B87A79 /* CustomViews */ = {
			isa = PBXGroup;
			children = (
				041A97052900ACBB003DC098 /* ButtomView.swift */,
				045573802901EAB300B87A79 /* BarBButtonView.swift */,
				0455738529023A8600B87A79 /* CardView.swift */,
			);
			path = CustomViews;
			sourceTree = "<group>";
		};
		045573822901EB2F00B87A79 /* Controllers */ = {
			isa = PBXGroup;
			children = (
				04E85638290097B9004C5D35 /* HomeViewController.swift */,
				04679DD02900C16400EE8C90 /* EarnViewController.swift */,
				04679DD22900C17600EE8C90 /* InvestViewController.swift */,
				04679DD42900C18500EE8C90 /* CardViewController.swift */,
			);
			path = Controllers;
			sourceTree = "<group>";
		};
		0455738729023AB000B87A79 /* Cells */ = {
			isa = PBXGroup;
			children = (
				0455738829023ACA00B87A79 /* ItemsCollectionViewCell.swift */,
				045573832901EBC500B87A79 /* TopOptionsViewCell.swift */,
				0455738A29023AF000B87A79 /* TransactionViewCell.swift */,
			);
			path = Cells;
			sourceTree = "<group>";
		};
		04679DCD2900BDCB00EE8C90 /* UIKit+Extensions */ = {
			isa = PBXGroup;
			children = (
				04679DCE2900BDFA00EE8C90 /* Colors.swift */,
			);
			path = "UIKit+Extensions";
			sourceTree = "<group>";
		};
/* End PBXGroup section */

/* Begin PBXNativeTarget section */
		044F238828FF8B5600749FEA /* ChipperHome */ = {
			isa = PBXNativeTarget;
			buildConfigurationList = 044F239D28FF8B5800749FEA /* Build configuration list for PBXNativeTarget "ChipperHome" */;
			buildPhases = (
				044F238528FF8B5600749FEA /* Sources */,
				044F238628FF8B5600749FEA /* Frameworks */,
				044F238728FF8B5600749FEA /* Resources */,
			);
			buildRules = (
			);
			dependencies = (
			);
			name = ChipperHome;
			productName = ChipperHome;
			productReference = 044F238928FF8B5600749FEA /* ChipperHome.app */;
			productType = "com.apple.product-type.application";
		};
/* End PBXNativeTarget section */

/* Begin PBXProject section */
		044F238128FF8B5600749FEA /* Project object */ = {
			isa = PBXProject;
			attributes = {
				BuildIndependentTargetsInParallel = 1;
				LastSwiftUpdateCheck = 1320;
				LastUpgradeCheck = 1320;
				TargetAttributes = {
					044F238828FF8B5600749FEA = {
						CreatedOnToolsVersion = 13.2.1;
					};
				};
			};
			buildConfigurationList = 044F238428FF8B5600749FEA /* Build configuration list for PBXProject "ChipperHome" */;
			compatibilityVersion = "Xcode 13.0";
			developmentRegion = en;
			hasScannedForEncodings = 0;
			knownRegions = (
				en,
				Base,
			);
			mainGroup = 044F238028FF8B5600749FEA;
			productRefGroup = 044F238A28FF8B5600749FEA /* Products */;
			projectDirPath = "";
			projectRoot = "";
			targets = (
				044F238828FF8B5600749FEA /* ChipperHome */,
			);
		};
/* End PBXProject section */

/* Begin PBXResourcesBuildPhase section */
		044F238728FF8B5600749FEA /* Resources */ = {
			isa = PBXResourcesBuildPhase;
			buildActionMask = 2147483647;
			files = (
				044F239928FF8B5800749FEA /* LaunchScreen.storyboard in Resources */,
				044F239628FF8B5800749FEA /* Assets.xcassets in Resources */,
			);
			runOnlyForDeploymentPostprocessing = 0;
		};
/* End PBXResourcesBuildPhase section */

/* Begin PBXSourcesBuildPhase section */
		044F238528FF8B5600749FEA /* Sources */ = {
			isa = PBXSourcesBuildPhase;
			buildActionMask = 2147483647;
			files = (
				041A97062900ACBB003DC098 /* ButtomView.swift in Sources */,
				0455738B29023AF000B87A79 /* TransactionViewCell.swift in Sources */,
				04679DCF2900BDFA00EE8C90 /* Colors.swift in Sources */,
				044F239128FF8B5600749FEA /* ContainerViewController.swift in Sources */,
				044F238D28FF8B5600749FEA /* AppDelegate.swift in Sources */,
				04E85639290097B9004C5D35 /* HomeViewController.swift in Sources */,
				04679DD52900C18500EE8C90 /* CardViewController.swift in Sources */,
				045573842901EBC500B87A79 /* TopOptionsViewCell.swift in Sources */,
				04679DD32900C17600EE8C90 /* InvestViewController.swift in Sources */,
				0455738929023ACA00B87A79 /* ItemsCollectionViewCell.swift in Sources */,
				04679DD12900C16400EE8C90 /* EarnViewController.swift in Sources */,
				041A970429009CA1003DC098 /* SceneDelegate.swift in Sources */,
				0455738629023A8600B87A79 /* CardView.swift in Sources */,
				045573812901EAB300B87A79 /* BarBButtonView.swift in Sources */,
			);
			runOnlyForDeploymentPostprocessing = 0;
		};
/* End PBXSourcesBuildPhase section */

/* Begin PBXVariantGroup section */
		044F239728FF8B5800749FEA /* LaunchScreen.storyboard */ = {
			isa = PBXVariantGroup;
			children = (
				044F239828FF8B5800749FEA /* Base */,
			);
			name = LaunchScreen.storyboard;
			sourceTree = "<group>";
		};
/* End PBXVariantGroup section */

/* Begin XCBuildConfiguration section */
		044F239B28FF8B5800749FEA /* Debug */ = {
			isa = XCBuildConfiguration;
			buildSettings = {
				ALWAYS_SEARCH_USER_PATHS = NO;
				CLANG_ANALYZER_NONNULL = YES;
				CLANG_ANALYZER_NUMBER_OBJECT_CONVERSION = YES_AGGRESSIVE;
				CLANG_CXX_LANGUAGE_STANDARD = "gnu++17";
				CLANG_CXX_LIBRARY = "libc++";
				CLANG_ENABLE_MODULES = YES;
				CLANG_ENABLE_OBJC_ARC = YES;
				CLANG_ENABLE_OBJC_WEAK = YES;
				CLANG_WARN_BLOCK_CAPTURE_AUTORELEASING = YES;
				CLANG_WARN_BOOL_CONVERSION = YES;
				CLANG_WARN_COMMA = YES;
				CLANG_WARN_CONSTANT_CONVERSION = YES;
				CLANG_WARN_DEPRECATED_OBJC_IMPLEMENTATIONS = YES;
				CLANG_WARN_DIRECT_OBJC_ISA_USAGE = YES_ERROR;
				CLANG_WARN_DOCUMENTATION_COMMENTS = YES;
				CLANG_WARN_EMPTY_BODY = YES;
				CLANG_WARN_ENUM_CONVERSION = YES;
				CLANG_WARN_INFINITE_RECURSION = YES;
				CLANG_WARN_INT_CONVERSION = YES;
				CLANG_WARN_NON_LITERAL_NULL_CONVERSION = YES;
				CLANG_WARN_OBJC_IMPLICIT_RETAIN_SELF = YES;
				CLANG_WARN_OBJC_LITERAL_CONVERSION = YES;
				CLANG_WARN_OBJC_ROOT_CLASS = YES_ERROR;
				CLANG_WARN_QUOTED_INCLUDE_IN_FRAMEWORK_HEADER = YES;
				CLANG_WARN_RANGE_LOOP_ANALYSIS = YES;
				CLANG_WARN_STRICT_PROTOTYPES = YES;
				CLANG_WARN_SUSPICIOUS_MOVE = YES;
				CLANG_WARN_UNGUARDED_AVAILABILITY = YES_AGGRESSIVE;
				CLANG_WARN_UNREACHABLE_CODE = YES;
				CLANG_WARN__DUPLICATE_METHOD_MATCH = YES;
				COPY_PHASE_STRIP = NO;
				DEBUG_INFORMATION_FORMAT = dwarf;
				ENABLE_STRICT_OBJC_MSGSEND = YES;
				ENABLE_TESTABILITY = YES;
				GCC_C_LANGUAGE_STANDARD = gnu11;
				GCC_DYNAMIC_NO_PIC = NO;
				GCC_NO_COMMON_BLOCKS = YES;
				GCC_OPTIMIZATION_LEVEL = 0;
				GCC_PREPROCESSOR_DEFINITIONS = (
					"DEBUG=1",
					"$(inherited)",
				);
				GCC_WARN_64_TO_32_BIT_CONVERSION = YES;
				GCC_WARN_ABOUT_RETURN_TYPE = YES_ERROR;
				GCC_WARN_UNDECLARED_SELECTOR = YES;
				GCC_WARN_UNINITIALIZED_AUTOS = YES_AGGRESSIVE;
				GCC_WARN_UNUSED_FUNCTION = YES;
				GCC_WARN_UNUSED_VARIABLE = YES;
				IPHONEOS_DEPLOYMENT_TARGET = 15.2;
				MTL_ENABLE_DEBUG_INFO = INCLUDE_SOURCE;
				MTL_FAST_MATH = YES;
				ONLY_ACTIVE_ARCH = YES;
				SDKROOT = iphoneos;
				SWIFT_ACTIVE_COMPILATION_CONDITIONS = DEBUG;
				SWIFT_OPTIMIZATION_LEVEL = "-Onone";
			};
			name = Debug;
		};
		044F239C28FF8B5800749FEA /* Release */ = {
			isa = XCBuildConfiguration;
			buildSettings = {
				ALWAYS_SEARCH_USER_PATHS = NO;
				CLANG_ANALYZER_NONNULL = YES;
				CLANG_ANALYZER_NUMBER_OBJECT_CONVERSION = YES_AGGRESSIVE;
				CLANG_CXX_LANGUAGE_STANDARD = "gnu++17";
				CLANG_CXX_LIBRARY = "libc++";
				CLANG_ENABLE_MODULES = YES;
				CLANG_ENABLE_OBJC_ARC = YES;
				CLANG_ENABLE_OBJC_WEAK = YES;
				CLANG_WARN_BLOCK_CAPTURE_AUTORELEASING = YES;
				CLANG_WARN_BOOL_CONVERSION = YES;
				CLANG_WARN_COMMA = YES;
				CLANG_WARN_CONSTANT_CONVERSION = YES;
				CLANG_WARN_DEPRECATED_OBJC_IMPLEMENTATIONS = YES;
				CLANG_WARN_DIRECT_OBJC_ISA_USAGE = YES_ERROR;
				CLANG_WARN_DOCUMENTATION_COMMENTS = YES;
				CLANG_WARN_EMPTY_BODY = YES;
				CLANG_WARN_ENUM_CONVERSION = YES;
				CLANG_WARN_INFINITE_RECURSION = YES;
				CLANG_WARN_INT_CONVERSION = YES;
				CLANG_WARN_NON_LITERAL_NULL_CONVERSION = YES;
				CLANG_WARN_OBJC_IMPLICIT_RETAIN_SELF = YES;
				CLANG_WARN_OBJC_LITERAL_CONVERSION = YES;
				CLANG_WARN_OBJC_ROOT_CLASS = YES_ERROR;
				CLANG_WARN_QUOTED_INCLUDE_IN_FRAMEWORK_HEADER = YES;
				CLANG_WARN_RANGE_LOOP_ANALYSIS = YES;
				CLANG_WARN_STRICT_PROTOTYPES = YES;
				CLANG_WARN_SUSPICIOUS_MOVE = YES;
				CLANG_WARN_UNGUARDED_AVAILABILITY = YES_AGGRESSIVE;
				CLANG_WARN_UNREACHABLE_CODE = YES;
				CLANG_WARN__DUPLICATE_METHOD_MATCH = YES;
				COPY_PHASE_STRIP = NO;
				DEBUG_INFORMATION_FORMAT = "dwarf-with-dsym";
				ENABLE_NS_ASSERTIONS = NO;
				ENABLE_STRICT_OBJC_MSGSEND = YES;
				GCC_C_LANGUAGE_STANDARD = gnu11;
				GCC_NO_COMMON_BLOCKS = YES;
				GCC_WARN_64_TO_32_BIT_CONVERSION = YES;
				GCC_WARN_ABOUT_RETURN_TYPE = YES_ERROR;
				GCC_WARN_UNDECLARED_SELECTOR = YES;
				GCC_WARN_UNINITIALIZED_AUTOS = YES_AGGRESSIVE;
				GCC_WARN_UNUSED_FUNCTION = YES;
				GCC_WARN_UNUSED_VARIABLE = YES;
				IPHONEOS_DEPLOYMENT_TARGET = 15.2;
				MTL_ENABLE_DEBUG_INFO = NO;
				MTL_FAST_MATH = YES;
				SDKROOT = iphoneos;
				SWIFT_COMPILATION_MODE = wholemodule;
				SWIFT_OPTIMIZATION_LEVEL = "-O";
				VALIDATE_PRODUCT = YES;
			};
			name = Release;
		};
		044F239E28FF8B5800749FEA /* Debug */ = {
			isa = XCBuildConfiguration;
			buildSettings = {
				ASSETCATALOG_COMPILER_APPICON_NAME = AppIcon;
				ASSETCATALOG_COMPILER_GLOBAL_ACCENT_COLOR_NAME = AccentColor;
				CODE_SIGN_STYLE = Automatic;
				CURRENT_PROJECT_VERSION = 1;
				DEVELOPMENT_TEAM = LB5YMG5W6W;
				GENERATE_INFOPLIST_FILE = YES;
				INFOPLIST_FILE = ChipperHome/Info.plist;
				INFOPLIST_KEY_UIApplicationSupportsIndirectInputEvents = YES;
				INFOPLIST_KEY_UILaunchStoryboardName = LaunchScreen;
				INFOPLIST_KEY_UISupportedInterfaceOrientations_iPad = "UIInterfaceOrientationPortrait UIInterfaceOrientationPortraitUpsideDown UIInterfaceOrientationLandscapeLeft UIInterfaceOrientationLandscapeRight";
				INFOPLIST_KEY_UISupportedInterfaceOrientations_iPhone = "UIInterfaceOrientationPortrait UIInterfaceOrientationLandscapeLeft UIInterfaceOrientationLandscapeRight";
				LD_RUNPATH_SEARCH_PATHS = (
					"$(inherited)",
					"@executable_path/Frameworks",
				);
				MARKETING_VERSION = 1.0;
				PRODUCT_BUNDLE_IDENTIFIER = com.woxi.app.ChipperHome;
				PRODUCT_NAME = "$(TARGET_NAME)";
				SWIFT_EMIT_LOC_STRINGS = YES;
				SWIFT_VERSION = 5.0;
				TARGETED_DEVICE_FAMILY = 1;
			};
			name = Debug;
		};
		044F239F28FF8B5800749FEA /* Release */ = {
			isa = XCBuildConfiguration;
			buildSettings = {
				ASSETCATALOG_COMPILER_APPICON_NAME = AppIcon;
				ASSETCATALOG_COMPILER_GLOBAL_ACCENT_COLOR_NAME = AccentColor;
				CODE_SIGN_STYLE = Automatic;
				CURRENT_PROJECT_VERSION = 1;
				DEVELOPMENT_TEAM = LB5YMG5W6W;
				GENERATE_INFOPLIST_FILE = YES;
				INFOPLIST_FILE = ChipperHome/Info.plist;
				INFOPLIST_KEY_UIApplicationSupportsIndirectInputEvents = YES;
				INFOPLIST_KEY_UILaunchStoryboardName = LaunchScreen;
				INFOPLIST_KEY_UISupportedInterfaceOrientations_iPad = "UIInterfaceOrientationPortrait UIInterfaceOrientationPortraitUpsideDown UIInterfaceOrientationLandscapeLeft UIInterfaceOrientationLandscapeRight";
				INFOPLIST_KEY_UISupportedInterfaceOrientations_iPhone = "UIInterfaceOrientationPortrait UIInterfaceOrientationLandscapeLeft UIInterfaceOrientationLandscapeRight";
				LD_RUNPATH_SEARCH_PATHS = (
					"$(inherited)",
					"@executable_path/Frameworks",
				);
				MARKETING_VERSION = 1.0;
				PRODUCT_BUNDLE_IDENTIFIER = com.woxi.app.ChipperHome;
				PRODUCT_NAME = "$(TARGET_NAME)";
				SWIFT_EMIT_LOC_STRINGS = YES;
				SWIFT_VERSION = 5.0;
				TARGETED_DEVICE_FAMILY = 1;
			};
			name = Release;
		};
/* End XCBuildConfiguration section */

/* Begin XCConfigurationList section */
		044F238428FF8B5600749FEA /* Build configuration list for PBXProject "ChipperHome" */ = {
			isa = XCConfigurationList;
			buildConfigurations = (
				044F239B28FF8B5800749FEA /* Debug */,
				044F239C28FF8B5800749FEA /* Release */,
			);
			defaultConfigurationIsVisible = 0;
			defaultConfigurationName = Release;
		};
		044F239D28FF8B5800749FEA /* Build configuration list for PBXNativeTarget "ChipperHome" */ = {
			isa = XCConfigurationList;
			buildConfigurations = (
				044F239E28FF8B5800749FEA /* Debug */,
				044F239F28FF8B5800749FEA /* Release */,
			);
			defaultConfigurationIsVisible = 0;
			defaultConfigurationName = Release;
		};
/* End XCConfigurationList section */
	};
	rootObject = 044F238128FF8B5600749FEA /* Project object */;
}
